
Microsoft Visual Studio Solution File, Format Version 12.00
# Visual Studio Version 16
VisualStudioVersion = 16.0.29424.173
MinimumVisualStudioVersion = 10.0.40219.1
Project("{FAE04EC0-301F-11D3-BF4B-00C04F79EFBC}") = "AppPractica1Contacto.Android", "AppPractica1Contacto\AppPractica1Contacto.Android\AppPractica1Contacto.Android.csproj", "{37C8CCDB-D2FC-4C49-8A36-7F1D9AE7E5DE}"
EndProject
Project("{FAE04EC0-301F-11D3-BF4B-00C04F79EFBC}") = "AppPractica1Contacto.iOS", "AppPractica1Contacto\AppPractica1Contacto.iOS\AppPractica1Contacto.iOS.csproj", "{09DD8773-7A42-4130-A81E-564530448C13}"
EndProject
Project("{FAE04EC0-301F-11D3-BF4B-00C04F79EFBC}") = "AppPractica1Contacto", "AppPractica1Contacto\AppPractica1Contacto\AppPractica1Contacto.csproj", "{EA872EE9-2A16-4BB4-8992-5791E9B5A60A}"
EndProject
Global
	GlobalSection(SolutionConfigurationPlatforms) = preSolution
		Debug|Any CPU = Debug|Any CPU
		Debug|iPhone = Debug|iPhone
		Debug|iPhoneSimulator = Debug|iPhoneSimulator
		Release|Any CPU = Release|Any CPU
		Release|iPhone = Release|iPhone
		Release|iPhoneSimulator = Release|iPhoneSimulator
	EndGlobalSection
	GlobalSection(ProjectConfigurationPlatforms) = postSolution
		{37C8CCDB-D2FC-4C49-8A36-7F1D9AE7E5DE}.Debug|Any CPU.ActiveCfg = Debug|Any CPU
		{37C8CCDB-D2FC-4C49-8A36-7F1D9AE7E5DE}.Debug|Any CPU.Build.0 = Debug|Any CPU
		{37C8CCDB-D2FC-4C49-8A36-7F1D9AE7E5DE}.Debug|Any CPU.Deploy.0 = Debug|Any CPU
		{37C8CCDB-D2FC-4C49-8A36-7F1D9AE7E5DE}.Debug|iPhone.ActiveCfg = Debug|Any CPU
		{37C8CCDB-D2FC-4C49-8A36-7F1D9AE7E5DE}.Debug|iPhone.Build.0 = Debug|Any CPU
		{37C8CCDB-D2FC-4C49-8A36-7F1D9AE7E5DE}.Debug|iPhone.Deploy.0 = Debug|Any CPU
		{37C8CCDB-D2FC-4C49-8A36-7F1D9AE7E5DE}.Debug|iPhoneSimulator.ActiveCfg = Debug|Any CPU
		{37C8CCDB-D2FC-4C49-8A36-7F1D9AE7E5DE}.Debug|iPhoneSimulator.Build.0 = Debug|Any CPU
		{37C8CCDB-D2FC-4C49-8A36-7F1D9AE7E5DE}.Debug|iPhoneSimulator.Deploy.0 = Debug|Any CPU
		{37C8CCDB-D2FC-4C49-8A36-7F1D9AE7E5DE}.Release|Any CPU.ActiveCfg = Release|Any CPU
		{37C8CCDB-D2FC-4C49-8A36-7F1D9AE7E5DE}.Release|Any CPU.Build.0 = Release|Any CPU
		{37C8CCDB-D2FC-4C49-8A36-7F1D9AE7E5DE}.Release|Any CPU.Deploy.0 = Release|Any CPU
		{37C8CCDB-D2FC-4C49-8A36-7F1D9AE7E5DE}.Release|iPhone.ActiveCfg = Release|Any CPU
		{37C8CCDB-D2FC-4C49-8A36-7F1D9AE7E5DE}.Release|iPhone.Build.0 = Release|Any CPU
		{37C8CCDB-D2FC-4C49-8A36-7F1D9AE7E5DE}.Release|iPhone.Deploy.0 = Release|Any CPU
		{37C8CCDB-D2FC-4C49-8A36-7F1D9AE7E5DE}.Release|iPhoneSimulator.ActiveCfg = Release|Any CPU
		{37C8CCDB-D2FC-4C49-8A36-7F1D9AE7E5DE}.Release|iPhoneSimulator.Build.0 = Release|Any CPU
		{37C8CCDB-D2FC-4C49-8A36-7F1D9AE7E5DE}.Release|iPhoneSimulator.Deploy.0 = Release|Any CPU
		{09DD8773-7A42-4130-A81E-564530448C13}.Debug|Any CPU.ActiveCfg = Debug|iPhoneSimulator
		{09DD8773-7A42-4130-A81E-564530448C13}.Debug|Any CPU.Build.0 = Debug|iPhoneSimulator
		{09DD8773-7A42-4130-A81E-564530448C13}.Debug|Any CPU.Deploy.0 = Debug|iPhoneSimulator
		{09DD8773-7A42-4130-A81E-564530448C13}.Debug|iPhone.ActiveCfg = Debug|iPhone
		{09DD8773-7A42-4130-A81E-564530448C13}.Debug|iPhone.Build.0 = Debug|iPhone
		{09DD8773-7A42-4130-A81E-564530448C13}.Debug|iPhone.Deploy.0 = Debug|iPhone
		{09DD8773-7A42-4130-A81E-564530448C13}.Debug|iPhoneSimulator.ActiveCfg = Debug|iPhoneSimulator
		{09DD8773-7A42-4130-A81E-564530448C13}.Debug|iPhoneSimulator.Build.0 = Debug|iPhoneSimulator
		{09DD8773-7A42-4130-A81E-564530448C13}.Debug|iPhoneSimulator.Deploy.0 = Debug|iPhoneSimulator
		{09DD8773-7A42-4130-A81E-564530448C13}.Release|Any CPU.ActiveCfg = Release|iPhone
		{09DD8773-7A42-4130-A81E-564530448C13}.Release|Any CPU.Build.0 = Release|iPhone
		{09DD8773-7A42-4130-A81E-564530448C13}.Release|Any CPU.Deploy.0 = Release|iPhone
		{09DD8773-7A42-4130-A81E-564530448C13}.Release|iPhone.ActiveCfg = Release|iPhone
		{09DD8773-7A42-4130-A81E-564530448C13}.Release|iPhone.Build.0 = Release|iPhone
		{09DD8773-7A42-4130-A81E-564530448C13}.Release|iPhone.Deploy.0 = Release|iPhone
		{09DD8773-7A42-4130-A81E-564530448C13}.Release|iPhoneSimulator.ActiveCfg = Release|iPhoneSimulator
		{09DD8773-7A42-4130-A81E-564530448C13}.Release|iPhoneSimulator.Build.0 = Release|iPhoneSimulator
		{09DD8773-7A42-4130-A81E-564530448C13}.Release|iPhoneSimulator.Deploy.0 = Release|iPhoneSimulator
		{EA872EE9-2A16-4BB4-8992-5791E9B5A60A}.Debug|Any CPU.ActiveCfg = Debug|Any CPU
		{EA872EE9-2A16-4BB4-8992-5791E9B5A60A}.Debug|Any CPU.Build.0 = Debug|Any CPU
		{EA872EE9-2A16-4BB4-8992-5791E9B5A60A}.Debug|Any CPU.Deploy.0 = Debug|Any CPU
		{EA872EE9-2A16-4BB4-8992-5791E9B5A60A}.Debug|iPhone.ActiveCfg = Debug|Any CPU
		{EA872EE9-2A16-4BB4-8992-5791E9B5A60A}.Debug|iPhone.Build.0 = Debug|Any CPU
		{EA872EE9-2A16-4BB4-8992-5791E9B5A60A}.Debug|iPhone.Deploy.0 = Debug|Any CPU
		{EA872EE9-2A16-4BB4-8992-5791E9B5A60A}.Debug|iPhoneSimulator.ActiveCfg = Debug|Any CPU
		{EA872EE9-2A16-4BB4-8992-5791E9B5A60A}.Debug|iPhoneSimulator.Build.0 = Debug|Any CPU
		{EA872EE9-2A16-4BB4-8992-5791E9B5A60A}.Debug|iPhoneSimulator.Deploy.0 = Debug|Any CPU
		{EA872EE9-2A16-4BB4-8992-5791E9B5A60A}.Release|Any CPU.ActiveCfg = Release|Any CPU
		{EA872EE9-2A16-4BB4-8992-5791E9B5A60A}.Release|Any CPU.Build.0 = Release|Any CPU
		{EA872EE9-2A16-4BB4-8992-5791E9B5A60A}.Release|Any CPU.Deploy.0 = Release|Any CPU
		{EA872EE9-2A16-4BB4-8992-5791E9B5A60A}.Release|iPhone.ActiveCfg = Release|Any CPU
		{EA872EE9-2A16-4BB4-8992-5791E9B5A60A}.Release|iPhone.Build.0 = Release|Any CPU
		{EA872EE9-2A16-4BB4-8992-5791E9B5A60A}.Release|iPhone.Deploy.0 = Release|Any CPU
		{EA872EE9-2A16-4BB4-8992-5791E9B5A60A}.Release|iPhoneSimulator.ActiveCfg = Release|Any CPU
		{EA872EE9-2A16-4BB4-8992-5791E9B5A60A}.Release|iPhoneSimulator.Build.0 = Release|Any CPU
		{EA872EE9-2A16-4BB4-8992-5791E9B5A60A}.Release|iPhoneSimulator.Deploy.0 = Release|Any CPU
	EndGlobalSection
	GlobalSection(SolutionProperties) = preSolution
		HideSolutionNode = FALSE
	EndGlobalSection
	GlobalSection(ExtensibilityGlobals) = postSolution
		SolutionGuid = {C87B302D-6D86-4DC3-AA9B-8A852A15D31C}
	EndGlobalSection
EndGlobal
